
Microsoft Visual Studio Solution File, Format Version 12.00
# Visual Studio Version 17
VisualStudioVersion = 17.9.34728.123
MinimumVisualStudioVersion = 10.0.40219.1
Project("{9A19103F-16F7-4668-BE54-9A1E7A4F7556}") = "tracksByPopularity", "tracksByPopularity.csproj", "{2130600D-E805-4AD1-91C8-9453802885AA}"
EndProject
Global
	GlobalSection(SolutionConfigurationPlatforms) = preSolution
		Debug|Any CPU = Debug|Any CPU
		Release|Any CPU = Release|Any CPU
	EndGlobalSection
	GlobalSection(ProjectConfigurationPlatforms) = postSolution
		{2130600D-E805-4AD1-91C8-9453802885AA}.Debug|Any CPU.ActiveCfg = Debug|Any CPU
		{2130600D-E805-4AD1-91C8-9453802885AA}.Debug|Any CPU.Build.0 = Debug|Any CPU
		{2130600D-E805-4AD1-91C8-9453802885AA}.Release|Any CPU.ActiveCfg = Release|Any CPU
		{2130600D-E805-4AD1-91C8-9453802885AA}.Release|Any CPU.Build.0 = Release|Any CPU
	EndGlobalSection
	GlobalSection(SolutionProperties) = preSolution
		HideSolutionNode = FALSE
	EndGlobalSection
	GlobalSection(ExtensibilityGlobals) = postSolution
		SolutionGuid = {42711CBA-CC69-4139-BAD1-BB346DAB5281}
	EndGlobalSection
EndGlobal
